// !$*UTF8*$!
{
	archiveVersion = 1;
	classes = {
	};
	objectVersion = 55;
	objects = {

/* Begin PBXBuildFile section */
		E18A6033282BA5C200B939F2 /* AppDelegate.swift in Sources */ = {isa = PBXBuildFile; fileRef = E18A6032282BA5C200B939F2 /* AppDelegate.swift */; };
		E18A6035282BA5C200B939F2 /* SceneDelegate.swift in Sources */ = {isa = PBXBuildFile; fileRef = E18A6034282BA5C200B939F2 /* SceneDelegate.swift */; };
		E18A6037282BA5C200B939F2 /* ViewController.swift in Sources */ = {isa = PBXBuildFile; fileRef = E18A6036282BA5C200B939F2 /* ViewController.swift */; };
		E18A603A282BA5C200B939F2 /* Main.storyboard in Resources */ = {isa = PBXBuildFile; fileRef = E18A6038282BA5C200B939F2 /* Main.storyboard */; };
		E18A603C282BA5C300B939F2 /* Assets.xcassets in Resources */ = {isa = PBXBuildFile; fileRef = E18A603B282BA5C300B939F2 /* Assets.xcassets */; };
		E18A603F282BA5C300B939F2 /* LaunchScreen.storyboard in Resources */ = {isa = PBXBuildFile; fileRef = E18A603D282BA5C300B939F2 /* LaunchScreen.storyboard */; };
		E18A604A282BA5C400B939F2 /* _4_DatePickerTests.swift in Sources */ = {isa = PBXBuildFile; fileRef = E18A6049282BA5C400B939F2 /* _4_DatePickerTests.swift */; };
		E18A6054282BA5C400B939F2 /* _4_DatePickerUITests.swift in Sources */ = {isa = PBXBuildFile; fileRef = E18A6053282BA5C400B939F2 /* _4_DatePickerUITests.swift */; };
		E18A6056282BA5C400B939F2 /* _4_DatePickerUITestsLaunchTests.swift in Sources */ = {isa = PBXBuildFile; fileRef = E18A6055282BA5C400B939F2 /* _4_DatePickerUITestsLaunchTests.swift */; };
/* End PBXBuildFile section */

/* Begin PBXContainerItemProxy section */
		E18A6046282BA5C400B939F2 /* PBXContainerItemProxy */ = {
			isa = PBXContainerItemProxy;
			containerPortal = E18A6027282BA5C200B939F2 /* Project object */;
			proxyType = 1;
			remoteGlobalIDString = E18A602E282BA5C200B939F2;
			remoteInfo = 04.DatePicker;
		};
		E18A6050282BA5C400B939F2 /* PBXContainerItemProxy */ = {
			isa = PBXContainerItemProxy;
			containerPortal = E18A6027282BA5C200B939F2 /* Project object */;
			proxyType = 1;
			remoteGlobalIDString = E18A602E282BA5C200B939F2;
			remoteInfo = 04.DatePicker;
		};
/* End PBXContainerItemProxy section */

/* Begin PBXFileReference section */
		E18A602F282BA5C200B939F2 /* 04.DatePicker.app */ = {isa = PBXFileReference; explicitFileType = wrapper.application; includeInIndex = 0; path = 04.DatePicker.app; sourceTree = BUILT_PRODUCTS_DIR; };
		E18A6032282BA5C200B939F2 /* AppDelegate.swift */ = {isa = PBXFileReference; lastKnownFileType = sourcecode.swift; path = AppDelegate.swift; sourceTree = "<group>"; };
		E18A6034282BA5C200B939F2 /* SceneDelegate.swift */ = {isa = PBXFileReference; lastKnownFileType = sourcecode.swift; path = SceneDelegate.swift; sourceTree = "<group>"; };
		E18A6036282BA5C200B939F2 /* ViewController.swift */ = {isa = PBXFileReference; lastKnownFileType = sourcecode.swift; path = ViewController.swift; sourceTree = "<group>"; };
		E18A6039282BA5C200B939F2 /* Base */ = {isa = PBXFileReference; lastKnownFileType = file.storyboard; name = Base; path = Base.lproj/Main.storyboard; sourceTree = "<group>"; };
		E18A603B282BA5C300B939F2 /* Assets.xcassets */ = {isa = PBXFileReference; lastKnownFileType = folder.assetcatalog; path = Assets.xcassets; sourceTree = "<group>"; };
		E18A603E282BA5C300B939F2 /* Base */ = {isa = PBXFileReference; lastKnownFileType = file.storyboard; name = Base; path = Base.lproj/LaunchScreen.storyboard; sourceTree = "<group>"; };
		E18A6040282BA5C300B939F2 /* Info.plist */ = {isa = PBXFileReference; lastKnownFileType = text.plist.xml; path = Info.plist; sourceTree = "<group>"; };
		E18A6045282BA5C400B939F2 /* 04.DatePickerTests.xctest */ = {isa = PBXFileReference; explicitFileType = wrapper.cfbundle; includeInIndex = 0; path = 04.DatePickerTests.xctest; sourceTree = BUILT_PRODUCTS_DIR; };
		E18A6049282BA5C400B939F2 /* _4_DatePickerTests.swift */ = {isa = PBXFileReference; lastKnownFileType = sourcecode.swift; path = _4_DatePickerTests.swift; sourceTree = "<group>"; };
		E18A604F282BA5C400B939F2 /* 04.DatePickerUITests.xctest */ = {isa = PBXFileReference; explicitFileType = wrapper.cfbundle; includeInIndex = 0; path = 04.DatePickerUITests.xctest; sourceTree = BUILT_PRODUCTS_DIR; };
		E18A6053282BA5C400B939F2 /* _4_DatePickerUITests.swift */ = {isa = PBXFileReference; lastKnownFileType = sourcecode.swift; path = _4_DatePickerUITests.swift; sourceTree = "<group>"; };
		E18A6055282BA5C400B939F2 /* _4_DatePickerUITestsLaunchTests.swift */ = {isa = PBXFileReference; lastKnownFileType = sourcecode.swift; path = _4_DatePickerUITestsLaunchTests.swift; sourceTree = "<group>"; };
/* End PBXFileReference section */

/* Begin PBXFrameworksBuildPhase section */
		E18A602C282BA5C200B939F2 /* Frameworks */ = {
			isa = PBXFrameworksBuildPhase;
			buildActionMask = 2147483647;
			files = (
			);
			runOnlyForDeploymentPostprocessing = 0;
		};
		E18A6042282BA5C400B939F2 /* Frameworks */ = {
			isa = PBXFrameworksBuildPhase;
			buildActionMask = 2147483647;
			files = (
			);
			runOnlyForDeploymentPostprocessing = 0;
		};
		E18A604C282BA5C400B939F2 /* Frameworks */ = {
			isa = PBXFrameworksBuildPhase;
			buildActionMask = 2147483647;
			files = (
			);
			runOnlyForDeploymentPostprocessing = 0;
		};
/* End PBXFrameworksBuildPhase section */

/* Begin PBXGroup section */
		E18A6026282BA5C200B939F2 = {
			isa = PBXGroup;
			children = (
				E18A6031282BA5C200B939F2 /* 04.DatePicker */,
				E18A6048282BA5C400B939F2 /* 04.DatePickerTests */,
				E18A6052282BA5C400B939F2 /* 04.DatePickerUITests */,
				E18A6030282BA5C200B939F2 /* Products */,
			);
			sourceTree = "<group>";
		};
		E18A6030282BA5C200B939F2 /* Products */ = {
			isa = PBXGroup;
			children = (
				E18A602F282BA5C200B939F2 /* 04.DatePicker.app */,
				E18A6045282BA5C400B939F2 /* 04.DatePickerTests.xctest */,
				E18A604F282BA5C400B939F2 /* 04.DatePickerUITests.xctest */,
			);
			name = Products;
			sourceTree = "<group>";
		};
		E18A6031282BA5C200B939F2 /* 04.DatePicker */ = {
			isa = PBXGroup;
			children = (
				E18A6032282BA5C200B939F2 /* AppDelegate.swift */,
				E18A6034282BA5C200B939F2 /* SceneDelegate.swift */,
				E18A6036282BA5C200B939F2 /* ViewController.swift */,
				E18A6038282BA5C200B939F2 /* Main.storyboard */,
				E18A603B282BA5C300B939F2 /* Assets.xcassets */,
				E18A603D282BA5C300B939F2 /* LaunchScreen.storyboard */,
				E18A6040282BA5C300B939F2 /* Info.plist */,
			);
			path = 04.DatePicker;
			sourceTree = "<group>";
		};
		E18A6048282BA5C400B939F2 /* 04.DatePickerTests */ = {
			isa = PBXGroup;
			children = (
				E18A6049282BA5C400B939F2 /* _4_DatePickerTests.swift */,
			);
			path = 04.DatePickerTests;
			sourceTree = "<group>";
		};
		E18A6052282BA5C400B939F2 /* 04.DatePickerUITests */ = {
			isa = PBXGroup;
			children = (
				E18A6053282BA5C400B939F2 /* _4_DatePickerUITests.swift */,
				E18A6055282BA5C400B939F2 /* _4_DatePickerUITestsLaunchTests.swift */,
			);
			path = 04.DatePickerUITests;
			sourceTree = "<group>";
		};
/* End PBXGroup section */

/* Begin PBXNativeTarget section */
		E18A602E282BA5C200B939F2 /* 04.DatePicker */ = {
			isa = PBXNativeTarget;
			buildConfigurationList = E18A6059282BA5C400B939F2 /* Build configuration list for PBXNativeTarget "04.DatePicker" */;
			buildPhases = (
				E18A602B282BA5C200B939F2 /* Sources */,
				E18A602C282BA5C200B939F2 /* Frameworks */,
				E18A602D282BA5C200B939F2 /* Resources */,
			);
			buildRules = (
			);
			dependencies = (
			);
			name = 04.DatePicker;
			productName = 04.DatePicker;
			productReference = E18A602F282BA5C200B939F2 /* 04.DatePicker.app */;
			productType = "com.apple.product-type.application";
		};
		E18A6044282BA5C400B939F2 /* 04.DatePickerTests */ = {
			isa = PBXNativeTarget;
			buildConfigurationList = E18A605C282BA5C400B939F2 /* Build configuration list for PBXNativeTarget "04.DatePickerTests" */;
			buildPhases = (
				E18A6041282BA5C400B939F2 /* Sources */,
				E18A6042282BA5C400B939F2 /* Frameworks */,
				E18A6043282BA5C400B939F2 /* Resources */,
			);
			buildRules = (
			);
			dependencies = (
				E18A6047282BA5C400B939F2 /* PBXTargetDependency */,
			);
			name = 04.DatePickerTests;
			productName = 04.DatePickerTests;
			productReference = E18A6045282BA5C400B939F2 /* 04.DatePickerTests.xctest */;
			productType = "com.apple.product-type.bundle.unit-test";
		};
		E18A604E282BA5C400B939F2 /* 04.DatePickerUITests */ = {
			isa = PBXNativeTarget;
			buildConfigurationList = E18A605F282BA5C400B939F2 /* Build configuration list for PBXNativeTarget "04.DatePickerUITests" */;
			buildPhases = (
				E18A604B282BA5C400B939F2 /* Sources */,
				E18A604C282BA5C400B939F2 /* Frameworks */,
				E18A604D282BA5C400B939F2 /* Resources */,
			);
			buildRules = (
			);
			dependencies = (
				E18A6051282BA5C400B939F2 /* PBXTargetDependency */,
			);
			name = 04.DatePickerUITests;
			productName = 04.DatePickerUITests;
			productReference = E18A604F282BA5C400B939F2 /* 04.DatePickerUITests.xctest */;
			productType = "com.apple.product-type.bundle.ui-testing";
		};
/* End PBXNativeTarget section */

/* Begin PBXProject section */
		E18A6027282BA5C200B939F2 /* Project object */ = {
			isa = PBXProject;
			attributes = {
				BuildIndependentTargetsInParallel = 1;
				LastSwiftUpdateCheck = 1330;
				LastUpgradeCheck = 1330;
				TargetAttributes = {
					E18A602E282BA5C200B939F2 = {
						CreatedOnToolsVersion = 13.3.1;
					};
					E18A6044282BA5C400B939F2 = {
						CreatedOnToolsVersion = 13.3.1;
						TestTargetID = E18A602E282BA5C200B939F2;
					};
					E18A604E282BA5C400B939F2 = {
						CreatedOnToolsVersion = 13.3.1;
						TestTargetID = E18A602E282BA5C200B939F2;
					};
				};
			};
			buildConfigurationList = E18A602A282BA5C200B939F2 /* Build configuration list for PBXProject "04.DatePicker" */;
			compatibilityVersion = "Xcode 13.0";
			developmentRegion = en;
			hasScannedForEncodings = 0;
			knownRegions = (
				en,
				Base,
			);
			mainGroup = E18A6026282BA5C200B939F2;
			productRefGroup = E18A6030282BA5C200B939F2 /* Products */;
			projectDirPath = "";
			projectRoot = "";
			targets = (
				E18A602E282BA5C200B939F2 /* 04.DatePicker */,
				E18A6044282BA5C400B939F2 /* 04.DatePickerTests */,
				E18A604E282BA5C400B939F2 /* 04.DatePickerUITests */,
			);
		};
/* End PBXProject section */

/* Begin PBXResourcesBuildPhase section */
		E18A602D282BA5C200B939F2 /* Resources */ = {
			isa = PBXResourcesBuildPhase;
			buildActionMask = 2147483647;
			files = (
				E18A603F282BA5C300B939F2 /* LaunchScreen.storyboard in Resources */,
				E18A603C282BA5C300B939F2 /* Assets.xcassets in Resources */,
				E18A603A282BA5C200B939F2 /* Main.storyboard in Resources */,
			);
			runOnlyForDeploymentPostprocessing = 0;
		};
		E18A6043282BA5C400B939F2 /* Resources */ = {
			isa = PBXResourcesBuildPhase;
			buildActionMask = 2147483647;
			files = (
			);
			runOnlyForDeploymentPostprocessing = 0;
		};
		E18A604D282BA5C400B939F2 /* Resources */ = {
			isa = PBXResourcesBuildPhase;
			buildActionMask = 2147483647;
			files = (
			);
			runOnlyForDeploymentPostprocessing = 0;
		};
/* End PBXResourcesBuildPhase section */

/* Begin PBXSourcesBuildPhase section */
		E18A602B282BA5C200B939F2 /* Sources */ = {
			isa = PBXSourcesBuildPhase;
			buildActionMask = 2147483647;
			files = (
				E18A6037282BA5C200B939F2 /* ViewController.swift in Sources */,
				E18A6033282BA5C200B939F2 /* AppDelegate.swift in Sources */,
				E18A6035282BA5C200B939F2 /* SceneDelegate.swift in Sources */,
			);
			runOnlyForDeploymentPostprocessing = 0;
		};
		E18A6041282BA5C400B939F2 /* Sources */ = {
			isa = PBXSourcesBuildPhase;
			buildActionMask = 2147483647;
			files = (
				E18A604A282BA5C400B939F2 /* _4_DatePickerTests.swift in Sources */,
			);
			runOnlyForDeploymentPostprocessing = 0;
		};
		E18A604B282BA5C400B939F2 /* Sources */ = {
			isa = PBXSourcesBuildPhase;
			buildActionMask = 2147483647;
			files = (
				E18A6054282BA5C400B939F2 /* _4_DatePickerUITests.swift in Sources */,
				E18A6056282BA5C400B939F2 /* _4_DatePickerUITestsLaunchTests.swift in Sources */,
			);
			runOnlyForDeploymentPostprocessing = 0;
		};
/* End PBXSourcesBuildPhase section */

/* Begin PBXTargetDependency section */
		E18A6047282BA5C400B939F2 /* PBXTargetDependency */ = {
			isa = PBXTargetDependency;
			target = E18A602E282BA5C200B939F2 /* 04.DatePicker */;
			targetProxy = E18A6046282BA5C400B939F2 /* PBXContainerItemProxy */;
		};
		E18A6051282BA5C400B939F2 /* PBXTargetDependency */ = {
			isa = PBXTargetDependency;
			target = E18A602E282BA5C200B939F2 /* 04.DatePicker */;
			targetProxy = E18A6050282BA5C400B939F2 /* PBXContainerItemProxy */;
		};
/* End PBXTargetDependency section */

/* Begin PBXVariantGroup section */
		E18A6038282BA5C200B939F2 /* Main.storyboard */ = {
			isa = PBXVariantGroup;
			children = (
				E18A6039282BA5C200B939F2 /* Base */,
			);
			name = Main.storyboard;
			sourceTree = "<group>";
		};
		E18A603D282BA5C300B939F2 /* LaunchScreen.storyboard */ = {
			isa = PBXVariantGroup;
			children = (
				E18A603E282BA5C300B939F2 /* Base */,
			);
			name = LaunchScreen.storyboard;
			sourceTree = "<group>";
		};
/* End PBXVariantGroup section */

/* Begin XCBuildConfiguration section */
		E18A6057282BA5C400B939F2 /* Debug */ = {
			isa = XCBuildConfiguration;
			buildSettings = {
				ALWAYS_SEARCH_USER_PATHS = NO;
				CLANG_ANALYZER_NONNULL = YES;
				CLANG_ANALYZER_NUMBER_OBJECT_CONVERSION = YES_AGGRESSIVE;
				CLANG_CXX_LANGUAGE_STANDARD = "gnu++17";
				CLANG_ENABLE_MODULES = YES;
				CLANG_ENABLE_OBJC_ARC = YES;
				CLANG_ENABLE_OBJC_WEAK = YES;
				CLANG_WARN_BLOCK_CAPTURE_AUTORELEASING = YES;
				CLANG_WARN_BOOL_CONVERSION = YES;
				CLANG_WARN_COMMA = YES;
				CLANG_WARN_CONSTANT_CONVERSION = YES;
				CLANG_WARN_DEPRECATED_OBJC_IMPLEMENTATIONS = YES;
				CLANG_WARN_DIRECT_OBJC_ISA_USAGE = YES_ERROR;
				CLANG_WARN_DOCUMENTATION_COMMENTS = YES;
				CLANG_WARN_EMPTY_BODY = YES;
				CLANG_WARN_ENUM_CONVERSION = YES;
				CLANG_WARN_INFINITE_RECURSION = YES;
				CLANG_WARN_INT_CONVERSION = YES;
				CLANG_WARN_NON_LITERAL_NULL_CONVERSION = YES;
				CLANG_WARN_OBJC_IMPLICIT_RETAIN_SELF = YES;
				CLANG_WARN_OBJC_LITERAL_CONVERSION = YES;
				CLANG_WARN_OBJC_ROOT_CLASS = YES_ERROR;
				CLANG_WARN_QUOTED_INCLUDE_IN_FRAMEWORK_HEADER = YES;
				CLANG_WARN_RANGE_LOOP_ANALYSIS = YES;
				CLANG_WARN_STRICT_PROTOTYPES = YES;
				CLANG_WARN_SUSPICIOUS_MOVE = YES;
				CLANG_WARN_UNGUARDED_AVAILABILITY = YES_AGGRESSIVE;
				CLANG_WARN_UNREACHABLE_CODE = YES;
				CLANG_WARN__DUPLICATE_METHOD_MATCH = YES;
				COPY_PHASE_STRIP = NO;
				DEBUG_INFORMATION_FORMAT = dwarf;
				ENABLE_STRICT_OBJC_MSGSEND = YES;
				ENABLE_TESTABILITY = YES;
				GCC_C_LANGUAGE_STANDARD = gnu11;
				GCC_DYNAMIC_NO_PIC = NO;
				GCC_NO_COMMON_BLOCKS = YES;
				GCC_OPTIMIZATION_LEVEL = 0;
				GCC_PREPROCESSOR_DEFINITIONS = (
					"DEBUG=1",
					"$(inherited)",
				);
				GCC_WARN_64_TO_32_BIT_CONVERSION = YES;
				GCC_WARN_ABOUT_RETURN_TYPE = YES_ERROR;
				GCC_WARN_UNDECLARED_SELECTOR = YES;
				GCC_WARN_UNINITIALIZED_AUTOS = YES_AGGRESSIVE;
				GCC_WARN_UNUSED_FUNCTION = YES;
				GCC_WARN_UNUSED_VARIABLE = YES;
				IPHONEOS_DEPLOYMENT_TARGET = 15.4;
				MTL_ENABLE_DEBUG_INFO = INCLUDE_SOURCE;
				MTL_FAST_MATH = YES;
				ONLY_ACTIVE_ARCH = YES;
				SDKROOT = iphoneos;
				SWIFT_ACTIVE_COMPILATION_CONDITIONS = DEBUG;
				SWIFT_OPTIMIZATION_LEVEL = "-Onone";
			};
			name = Debug;
		};
		E18A6058282BA5C400B939F2 /* Release */ = {
			isa = XCBuildConfiguration;
			buildSettings = {
				ALWAYS_SEARCH_USER_PATHS = NO;
				CLANG_ANALYZER_NONNULL = YES;
				CLANG_ANALYZER_NUMBER_OBJECT_CONVERSION = YES_AGGRESSIVE;
				CLANG_CXX_LANGUAGE_STANDARD = "gnu++17";
				CLANG_ENABLE_MODULES = YES;
				CLANG_ENABLE_OBJC_ARC = YES;
				CLANG_ENABLE_OBJC_WEAK = YES;
				CLANG_WARN_BLOCK_CAPTURE_AUTORELEASING = YES;
				CLANG_WARN_BOOL_CONVERSION = YES;
				CLANG_WARN_COMMA = YES;
				CLANG_WARN_CONSTANT_CONVERSION = YES;
				CLANG_WARN_DEPRECATED_OBJC_IMPLEMENTATIONS = YES;
				CLANG_WARN_DIRECT_OBJC_ISA_USAGE = YES_ERROR;
				CLANG_WARN_DOCUMENTATION_COMMENTS = YES;
				CLANG_WARN_EMPTY_BODY = YES;
				CLANG_WARN_ENUM_CONVERSION = YES;
				CLANG_WARN_INFINITE_RECURSION = YES;
				CLANG_WARN_INT_CONVERSION = YES;
				CLANG_WARN_NON_LITERAL_NULL_CONVERSION = YES;
				CLANG_WARN_OBJC_IMPLICIT_RETAIN_SELF = YES;
				CLANG_WARN_OBJC_LITERAL_CONVERSION = YES;
				CLANG_WARN_OBJC_ROOT_CLASS = YES_ERROR;
				CLANG_WARN_QUOTED_INCLUDE_IN_FRAMEWORK_HEADER = YES;
				CLANG_WARN_RANGE_LOOP_ANALYSIS = YES;
				CLANG_WARN_STRICT_PROTOTYPES = YES;
				CLANG_WARN_SUSPICIOUS_MOVE = YES;
				CLANG_WARN_UNGUARDED_AVAILABILITY = YES_AGGRESSIVE;
				CLANG_WARN_UNREACHABLE_CODE = YES;
				CLANG_WARN__DUPLICATE_METHOD_MATCH = YES;
				COPY_PHASE_STRIP = NO;
				DEBUG_INFORMATION_FORMAT = "dwarf-with-dsym";
				ENABLE_NS_ASSERTIONS = NO;
				ENABLE_STRICT_OBJC_MSGSEND = YES;
				GCC_C_LANGUAGE_STANDARD = gnu11;
				GCC_NO_COMMON_BLOCKS = YES;
				GCC_WARN_64_TO_32_BIT_CONVERSION = YES;
				GCC_WARN_ABOUT_RETURN_TYPE = YES_ERROR;
				GCC_WARN_UNDECLARED_SELECTOR = YES;
				GCC_WARN_UNINITIALIZED_AUTOS = YES_AGGRESSIVE;
				GCC_WARN_UNUSED_FUNCTION = YES;
				GCC_WARN_UNUSED_VARIABLE = YES;
				IPHONEOS_DEPLOYMENT_TARGET = 15.4;
				MTL_ENABLE_DEBUG_INFO = NO;
				MTL_FAST_MATH = YES;
				SDKROOT = iphoneos;
				SWIFT_COMPILATION_MODE = wholemodule;
				SWIFT_OPTIMIZATION_LEVEL = "-O";
				VALIDATE_PRODUCT = YES;
			};
			name = Release;
		};
		E18A605A282BA5C400B939F2 /* Debug */ = {
			isa = XCBuildConfiguration;
			buildSettings = {
				ASSETCATALOG_COMPILER_APPICON_NAME = AppIcon;
				ASSETCATALOG_COMPILER_GLOBAL_ACCENT_COLOR_NAME = AccentColor;
				CODE_SIGN_STYLE = Automatic;
				CURRENT_PROJECT_VERSION = 1;
				DEVELOPMENT_TEAM = 5KZ5C4UW39;
				GENERATE_INFOPLIST_FILE = YES;
				INFOPLIST_FILE = 04.DatePicker/Info.plist;
				INFOPLIST_KEY_UIApplicationSupportsIndirectInputEvents = YES;
				INFOPLIST_KEY_UILaunchStoryboardName = LaunchScreen;
				INFOPLIST_KEY_UIMainStoryboardFile = Main;
				INFOPLIST_KEY_UISupportedInterfaceOrientations_iPad = "UIInterfaceOrientationPortrait UIInterfaceOrientationPortraitUpsideDown UIInterfaceOrientationLandscapeLeft UIInterfaceOrientationLandscapeRight";
				INFOPLIST_KEY_UISupportedInterfaceOrientations_iPhone = "UIInterfaceOrientationPortrait UIInterfaceOrientationLandscapeLeft UIInterfaceOrientationLandscapeRight";
				LD_RUNPATH_SEARCH_PATHS = (
					"$(inherited)",
					"@executable_path/Frameworks",
				);
				MARKETING_VERSION = 1.0;
				PRODUCT_BUNDLE_IDENTIFIER = "jy.-4-DatePicker";
				PRODUCT_NAME = "$(TARGET_NAME)";
				SWIFT_EMIT_LOC_STRINGS = YES;
				SWIFT_VERSION = 5.0;
				TARGETED_DEVICE_FAMILY = "1,2";
			};
			name = Debug;
		};
		E18A605B282BA5C400B939F2 /* Release */ = {
			isa = XCBuildConfiguration;
			buildSettings = {
				ASSETCATALOG_COMPILER_APPICON_NAME = AppIcon;
				ASSETCATALOG_COMPILER_GLOBAL_ACCENT_COLOR_NAME = AccentColor;
				CODE_SIGN_STYLE = Automatic;
				CURRENT_PROJECT_VERSION = 1;
				DEVELOPMENT_TEAM = 5KZ5C4UW39;
				GENERATE_INFOPLIST_FILE = YES;
				INFOPLIST_FILE = 04.DatePicker/Info.plist;
				INFOPLIST_KEY_UIApplicationSupportsIndirectInputEvents = YES;
				INFOPLIST_KEY_UILaunchStoryboardName = LaunchScreen;
				INFOPLIST_KEY_UIMainStoryboardFile = Main;
				INFOPLIST_KEY_UISupportedInterfaceOrientations_iPad = "UIInterfaceOrientationPortrait UIInterfaceOrientationPortraitUpsideDown UIInterfaceOrientationLandscapeLeft UIInterfaceOrientationLandscapeRight";
				INFOPLIST_KEY_UISupportedInterfaceOrientations_iPhone = "UIInterfaceOrientationPortrait UIInterfaceOrientationLandscapeLeft UIInterfaceOrientationLandscapeRight";
				LD_RUNPATH_SEARCH_PATHS = (
					"$(inherited)",
					"@executable_path/Frameworks",
				);
				MARKETING_VERSION = 1.0;
				PRODUCT_BUNDLE_IDENTIFIER = "jy.-4-DatePicker";
				PRODUCT_NAME = "$(TARGET_NAME)";
				SWIFT_EMIT_LOC_STRINGS = YES;
				SWIFT_VERSION = 5.0;
				TARGETED_DEVICE_FAMILY = "1,2";
			};
			name = Release;
		};
		E18A605D282BA5C400B939F2 /* Debug */ = {
			isa = XCBuildConfiguration;
			buildSettings = {
				ALWAYS_EMBED_SWIFT_STANDARD_LIBRARIES = YES;
				BUNDLE_LOADER = "$(TEST_HOST)";
				CODE_SIGN_STYLE = Automatic;
				CURRENT_PROJECT_VERSION = 1;
				DEVELOPMENT_TEAM = 5KZ5C4UW39;
				GENERATE_INFOPLIST_FILE = YES;
				IPHONEOS_DEPLOYMENT_TARGET = 15.4;
				MARKETING_VERSION = 1.0;
				PRODUCT_BUNDLE_IDENTIFIER = "jy.-4-DatePickerTests";
				PRODUCT_NAME = "$(TARGET_NAME)";
				SWIFT_EMIT_LOC_STRINGS = NO;
				SWIFT_VERSION = 5.0;
				TARGETED_DEVICE_FAMILY = "1,2";
				TEST_HOST = "$(BUILT_PRODUCTS_DIR)/04.DatePicker.app/04.DatePicker";
			};
			name = Debug;
		};
		E18A605E282BA5C400B939F2 /* Release */ = {
			isa = XCBuildConfiguration;
			buildSettings = {
				ALWAYS_EMBED_SWIFT_STANDARD_LIBRARIES = YES;
				BUNDLE_LOADER = "$(TEST_HOST)";
				CODE_SIGN_STYLE = Automatic;
				CURRENT_PROJECT_VERSION = 1;
				DEVELOPMENT_TEAM = 5KZ5C4UW39;
				GENERATE_INFOPLIST_FILE = YES;
				IPHONEOS_DEPLOYMENT_TARGET = 15.4;
				MARKETING_VERSION = 1.0;
				PRODUCT_BUNDLE_IDENTIFIER = "jy.-4-DatePickerTests";
				PRODUCT_NAME = "$(TARGET_NAME)";
				SWIFT_EMIT_LOC_STRINGS = NO;
				SWIFT_VERSION = 5.0;
				TARGETED_DEVICE_FAMILY = "1,2";
				TEST_HOST = "$(BUILT_PRODUCTS_DIR)/04.DatePicker.app/04.DatePicker";
			};
			name = Release;
		};
		E18A6060282BA5C400B939F2 /* Debug */ = {
			isa = XCBuildConfiguration;
			buildSettings = {
				ALWAYS_EMBED_SWIFT_STANDARD_LIBRARIES = YES;
				CODE_SIGN_STYLE = Automatic;
				CURRENT_PROJECT_VERSION = 1;
				DEVELOPMENT_TEAM = 5KZ5C4UW39;
				GENERATE_INFOPLIST_FILE = YES;
				MARKETING_VERSION = 1.0;
				PRODUCT_BUNDLE_IDENTIFIER = "jy.-4-DatePickerUITests";
				PRODUCT_NAME = "$(TARGET_NAME)";
				SWIFT_EMIT_LOC_STRINGS = NO;
				SWIFT_VERSION = 5.0;
				TARGETED_DEVICE_FAMILY = "1,2";
				TEST_TARGET_NAME = 04.DatePicker;
			};
			name = Debug;
		};
		E18A6061282BA5C400B939F2 /* Release */ = {
			isa = XCBuildConfiguration;
			buildSettings = {
				ALWAYS_EMBED_SWIFT_STANDARD_LIBRARIES = YES;
				CODE_SIGN_STYLE = Automatic;
				CURRENT_PROJECT_VERSION = 1;
				DEVELOPMENT_TEAM = 5KZ5C4UW39;
				GENERATE_INFOPLIST_FILE = YES;
				MARKETING_VERSION = 1.0;
				PRODUCT_BUNDLE_IDENTIFIER = "jy.-4-DatePickerUITests";
				PRODUCT_NAME = "$(TARGET_NAME)";
				SWIFT_EMIT_LOC_STRINGS = NO;
				SWIFT_VERSION = 5.0;
				TARGETED_DEVICE_FAMILY = "1,2";
				TEST_TARGET_NAME = 04.DatePicker;
			};
			name = Release;
		};
/* End XCBuildConfiguration section */

/* Begin XCConfigurationList section */
		E18A602A282BA5C200B939F2 /* Build configuration list for PBXProject "04.DatePicker" */ = {
			isa = XCConfigurationList;
			buildConfigurations = (
				E18A6057282BA5C400B939F2 /* Debug */,
				E18A6058282BA5C400B939F2 /* Release */,
			);
			defaultConfigurationIsVisible = 0;
			defaultConfigurationName = Release;
		};
		E18A6059282BA5C400B939F2 /* Build configuration list for PBXNativeTarget "04.DatePicker" */ = {
			isa = XCConfigurationList;
			buildConfigurations = (
				E18A605A282BA5C400B939F2 /* Debug */,
				E18A605B282BA5C400B939F2 /* Release */,
			);
			defaultConfigurationIsVisible = 0;
			defaultConfigurationName = Release;
		};
		E18A605C282BA5C400B939F2 /* Build configuration list for PBXNativeTarget "04.DatePickerTests" */ = {
			isa = XCConfigurationList;
			buildConfigurations = (
				E18A605D282BA5C400B939F2 /* Debug */,
				E18A605E282BA5C400B939F2 /* Release */,
			);
			defaultConfigurationIsVisible = 0;
			defaultConfigurationName = Release;
		};
		E18A605F282BA5C400B939F2 /* Build configuration list for PBXNativeTarget "04.DatePickerUITests" */ = {
			isa = XCConfigurationList;
			buildConfigurations = (
				E18A6060282BA5C400B939F2 /* Debug */,
				E18A6061282BA5C400B939F2 /* Release */,
			);
			defaultConfigurationIsVisible = 0;
			defaultConfigurationName = Release;
		};
/* End XCConfigurationList section */
	};
	rootObject = E18A6027282BA5C200B939F2 /* Project object */;
}
