// !$*UTF8*$!
{
	archiveVersion = 1;
	classes = {
	};
	objectVersion = 55;
	objects = {

/* Begin PBXBuildFile section */
		E19A82E3283481B900E58D08 /* AppDelegate.swift in Sources */ = {isa = PBXBuildFile; fileRef = E19A82E2283481B900E58D08 /* AppDelegate.swift */; };
		E19A82E5283481BA00E58D08 /* SceneDelegate.swift in Sources */ = {isa = PBXBuildFile; fileRef = E19A82E4283481BA00E58D08 /* SceneDelegate.swift */; };
		E19A82E7283481BA00E58D08 /* ViewController.swift in Sources */ = {isa = PBXBuildFile; fileRef = E19A82E6283481BA00E58D08 /* ViewController.swift */; };
		E19A82EC283481BB00E58D08 /* Assets.xcassets in Resources */ = {isa = PBXBuildFile; fileRef = E19A82EB283481BB00E58D08 /* Assets.xcassets */; };
		E19A82EF283481BB00E58D08 /* LaunchScreen.storyboard in Resources */ = {isa = PBXBuildFile; fileRef = E19A82ED283481BB00E58D08 /* LaunchScreen.storyboard */; };
		E19A82F72834A6C800E58D08 /* Constant.swift in Sources */ = {isa = PBXBuildFile; fileRef = E19A82F62834A6C800E58D08 /* Constant.swift */; };
		E1DFA4DE2834B01500A124A3 /* FastTypingVideo.mp4 in Resources */ = {isa = PBXBuildFile; fileRef = E1DFA4DD2834B01500A124A3 /* FastTypingVideo.mp4 */; };
		E1FEBB002834B7F6002BFF6A /* Mountaineering.mov in Resources */ = {isa = PBXBuildFile; fileRef = E1FEBAFF2834B7F6002BFF6A /* Mountaineering.mov */; };
/* End PBXBuildFile section */

/* Begin PBXFileReference section */
		E19A82DF283481B900E58D08 /* 14.AVPlayerViewController.app */ = {isa = PBXFileReference; explicitFileType = wrapper.application; includeInIndex = 0; path = 14.AVPlayerViewController.app; sourceTree = BUILT_PRODUCTS_DIR; };
		E19A82E2283481B900E58D08 /* AppDelegate.swift */ = {isa = PBXFileReference; lastKnownFileType = sourcecode.swift; path = AppDelegate.swift; sourceTree = "<group>"; };
		E19A82E4283481BA00E58D08 /* SceneDelegate.swift */ = {isa = PBXFileReference; lastKnownFileType = sourcecode.swift; path = SceneDelegate.swift; sourceTree = "<group>"; };
		E19A82E6283481BA00E58D08 /* ViewController.swift */ = {isa = PBXFileReference; lastKnownFileType = sourcecode.swift; path = ViewController.swift; sourceTree = "<group>"; };
		E19A82EB283481BB00E58D08 /* Assets.xcassets */ = {isa = PBXFileReference; lastKnownFileType = folder.assetcatalog; path = Assets.xcassets; sourceTree = "<group>"; };
		E19A82EE283481BB00E58D08 /* Base */ = {isa = PBXFileReference; lastKnownFileType = file.storyboard; name = Base; path = Base.lproj/LaunchScreen.storyboard; sourceTree = "<group>"; };
		E19A82F0283481BB00E58D08 /* Info.plist */ = {isa = PBXFileReference; lastKnownFileType = text.plist.xml; path = Info.plist; sourceTree = "<group>"; };
		E19A82F62834A6C800E58D08 /* Constant.swift */ = {isa = PBXFileReference; lastKnownFileType = sourcecode.swift; path = Constant.swift; sourceTree = "<group>"; };
		E1DFA4DD2834B01500A124A3 /* FastTypingVideo.mp4 */ = {isa = PBXFileReference; lastKnownFileType = file; path = FastTypingVideo.mp4; sourceTree = "<group>"; };
		E1FEBAFF2834B7F6002BFF6A /* Mountaineering.mov */ = {isa = PBXFileReference; lastKnownFileType = video.quicktime; path = Mountaineering.mov; sourceTree = "<group>"; };
/* End PBXFileReference section */

/* Begin PBXFrameworksBuildPhase section */
		E19A82DC283481B900E58D08 /* Frameworks */ = {
			isa = PBXFrameworksBuildPhase;
			buildActionMask = 2147483647;
			files = (
			);
			runOnlyForDeploymentPostprocessing = 0;
		};
/* End PBXFrameworksBuildPhase section */

/* Begin PBXGroup section */
		E19A82D6283481B900E58D08 = {
			isa = PBXGroup;
			children = (
				E19A82E1283481B900E58D08 /* 14.AVPlayerViewController */,
				E19A82E0283481B900E58D08 /* Products */,
			);
			sourceTree = "<group>";
		};
		E19A82E0283481B900E58D08 /* Products */ = {
			isa = PBXGroup;
			children = (
				E19A82DF283481B900E58D08 /* 14.AVPlayerViewController.app */,
			);
			name = Products;
			sourceTree = "<group>";
		};
		E19A82E1283481B900E58D08 /* 14.AVPlayerViewController */ = {
			isa = PBXGroup;
			children = (
				E19A82F92834A8D900E58D08 /* Resources */,
				E19A82E2283481B900E58D08 /* AppDelegate.swift */,
				E19A82E4283481BA00E58D08 /* SceneDelegate.swift */,
				E19A82E6283481BA00E58D08 /* ViewController.swift */,
				E19A82F62834A6C800E58D08 /* Constant.swift */,
				E19A82EB283481BB00E58D08 /* Assets.xcassets */,
				E19A82ED283481BB00E58D08 /* LaunchScreen.storyboard */,
				E19A82F0283481BB00E58D08 /* Info.plist */,
			);
			path = 14.AVPlayerViewController;
			sourceTree = "<group>";
		};
		E19A82F92834A8D900E58D08 /* Resources */ = {
			isa = PBXGroup;
			children = (
				E1FEBAFF2834B7F6002BFF6A /* Mountaineering.mov */,
				E1DFA4DD2834B01500A124A3 /* FastTypingVideo.mp4 */,
			);
			path = Resources;
			sourceTree = "<group>";
		};
/* End PBXGroup section */

/* Begin PBXNativeTarget section */
		E19A82DE283481B900E58D08 /* 14.AVPlayerViewController */ = {
			isa = PBXNativeTarget;
			buildConfigurationList = E19A82F3283481BB00E58D08 /* Build configuration list for PBXNativeTarget "14.AVPlayerViewController" */;
			buildPhases = (
				E19A82DB283481B900E58D08 /* Sources */,
				E19A82DC283481B900E58D08 /* Frameworks */,
				E19A82DD283481B900E58D08 /* Resources */,
			);
			buildRules = (
			);
			dependencies = (
			);
			name = 14.AVPlayerViewController;
			productName = 14.AVPlayerViewController;
			productReference = E19A82DF283481B900E58D08 /* 14.AVPlayerViewController.app */;
			productType = "com.apple.product-type.application";
		};
/* End PBXNativeTarget section */

/* Begin PBXProject section */
		E19A82D7283481B900E58D08 /* Project object */ = {
			isa = PBXProject;
			attributes = {
				BuildIndependentTargetsInParallel = 1;
				LastSwiftUpdateCheck = 1330;
				LastUpgradeCheck = 1330;
				TargetAttributes = {
					E19A82DE283481B900E58D08 = {
						CreatedOnToolsVersion = 13.3.1;
					};
				};
			};
			buildConfigurationList = E19A82DA283481B900E58D08 /* Build configuration list for PBXProject "14.AVPlayerViewController" */;
			compatibilityVersion = "Xcode 13.0";
			developmentRegion = en;
			hasScannedForEncodings = 0;
			knownRegions = (
				en,
				Base,
			);
			mainGroup = E19A82D6283481B900E58D08;
			productRefGroup = E19A82E0283481B900E58D08 /* Products */;
			projectDirPath = "";
			projectRoot = "";
			targets = (
				E19A82DE283481B900E58D08 /* 14.AVPlayerViewController */,
			);
		};
/* End PBXProject section */

/* Begin PBXResourcesBuildPhase section */
		E19A82DD283481B900E58D08 /* Resources */ = {
			isa = PBXResourcesBuildPhase;
			buildActionMask = 2147483647;
			files = (
				E19A82EF283481BB00E58D08 /* LaunchScreen.storyboard in Resources */,
				E19A82EC283481BB00E58D08 /* Assets.xcassets in Resources */,
				E1FEBB002834B7F6002BFF6A /* Mountaineering.mov in Resources */,
				E1DFA4DE2834B01500A124A3 /* FastTypingVideo.mp4 in Resources */,
			);
			runOnlyForDeploymentPostprocessing = 0;
		};
/* End PBXResourcesBuildPhase section */

/* Begin PBXSourcesBuildPhase section */
		E19A82DB283481B900E58D08 /* Sources */ = {
			isa = PBXSourcesBuildPhase;
			buildActionMask = 2147483647;
			files = (
				E19A82E7283481BA00E58D08 /* ViewController.swift in Sources */,
				E19A82E3283481B900E58D08 /* AppDelegate.swift in Sources */,
				E19A82E5283481BA00E58D08 /* SceneDelegate.swift in Sources */,
				E19A82F72834A6C800E58D08 /* Constant.swift in Sources */,
			);
			runOnlyForDeploymentPostprocessing = 0;
		};
/* End PBXSourcesBuildPhase section */

/* Begin PBXVariantGroup section */
		E19A82ED283481BB00E58D08 /* LaunchScreen.storyboard */ = {
			isa = PBXVariantGroup;
			children = (
				E19A82EE283481BB00E58D08 /* Base */,
			);
			name = LaunchScreen.storyboard;
			sourceTree = "<group>";
		};
/* End PBXVariantGroup section */

/* Begin XCBuildConfiguration section */
		E19A82F1283481BB00E58D08 /* Debug */ = {
			isa = XCBuildConfiguration;
			buildSettings = {
				ALWAYS_SEARCH_USER_PATHS = NO;
				CLANG_ANALYZER_NONNULL = YES;
				CLANG_ANALYZER_NUMBER_OBJECT_CONVERSION = YES_AGGRESSIVE;
				CLANG_CXX_LANGUAGE_STANDARD = "gnu++17";
				CLANG_ENABLE_MODULES = YES;
				CLANG_ENABLE_OBJC_ARC = YES;
				CLANG_ENABLE_OBJC_WEAK = YES;
				CLANG_WARN_BLOCK_CAPTURE_AUTORELEASING = YES;
				CLANG_WARN_BOOL_CONVERSION = YES;
				CLANG_WARN_COMMA = YES;
				CLANG_WARN_CONSTANT_CONVERSION = YES;
				CLANG_WARN_DEPRECATED_OBJC_IMPLEMENTATIONS = YES;
				CLANG_WARN_DIRECT_OBJC_ISA_USAGE = YES_ERROR;
				CLANG_WARN_DOCUMENTATION_COMMENTS = YES;
				CLANG_WARN_EMPTY_BODY = YES;
				CLANG_WARN_ENUM_CONVERSION = YES;
				CLANG_WARN_INFINITE_RECURSION = YES;
				CLANG_WARN_INT_CONVERSION = YES;
				CLANG_WARN_NON_LITERAL_NULL_CONVERSION = YES;
				CLANG_WARN_OBJC_IMPLICIT_RETAIN_SELF = YES;
				CLANG_WARN_OBJC_LITERAL_CONVERSION = YES;
				CLANG_WARN_OBJC_ROOT_CLASS = YES_ERROR;
				CLANG_WARN_QUOTED_INCLUDE_IN_FRAMEWORK_HEADER = YES;
				CLANG_WARN_RANGE_LOOP_ANALYSIS = YES;
				CLANG_WARN_STRICT_PROTOTYPES = YES;
				CLANG_WARN_SUSPICIOUS_MOVE = YES;
				CLANG_WARN_UNGUARDED_AVAILABILITY = YES_AGGRESSIVE;
				CLANG_WARN_UNREACHABLE_CODE = YES;
				CLANG_WARN__DUPLICATE_METHOD_MATCH = YES;
				COPY_PHASE_STRIP = NO;
				DEBUG_INFORMATION_FORMAT = dwarf;
				ENABLE_STRICT_OBJC_MSGSEND = YES;
				ENABLE_TESTABILITY = YES;
				GCC_C_LANGUAGE_STANDARD = gnu11;
				GCC_DYNAMIC_NO_PIC = NO;
				GCC_NO_COMMON_BLOCKS = YES;
				GCC_OPTIMIZATION_LEVEL = 0;
				GCC_PREPROCESSOR_DEFINITIONS = (
					"DEBUG=1",
					"$(inherited)",
				);
				GCC_WARN_64_TO_32_BIT_CONVERSION = YES;
				GCC_WARN_ABOUT_RETURN_TYPE = YES_ERROR;
				GCC_WARN_UNDECLARED_SELECTOR = YES;
				GCC_WARN_UNINITIALIZED_AUTOS = YES_AGGRESSIVE;
				GCC_WARN_UNUSED_FUNCTION = YES;
				GCC_WARN_UNUSED_VARIABLE = YES;
				IPHONEOS_DEPLOYMENT_TARGET = 15.4;
				MTL_ENABLE_DEBUG_INFO = INCLUDE_SOURCE;
				MTL_FAST_MATH = YES;
				ONLY_ACTIVE_ARCH = YES;
				SDKROOT = iphoneos;
				SWIFT_ACTIVE_COMPILATION_CONDITIONS = DEBUG;
				SWIFT_OPTIMIZATION_LEVEL = "-Onone";
			};
			name = Debug;
		};
		E19A82F2283481BB00E58D08 /* Release */ = {
			isa = XCBuildConfiguration;
			buildSettings = {
				ALWAYS_SEARCH_USER_PATHS = NO;
				CLANG_ANALYZER_NONNULL = YES;
				CLANG_ANALYZER_NUMBER_OBJECT_CONVERSION = YES_AGGRESSIVE;
				CLANG_CXX_LANGUAGE_STANDARD = "gnu++17";
				CLANG_ENABLE_MODULES = YES;
				CLANG_ENABLE_OBJC_ARC = YES;
				CLANG_ENABLE_OBJC_WEAK = YES;
				CLANG_WARN_BLOCK_CAPTURE_AUTORELEASING = YES;
				CLANG_WARN_BOOL_CONVERSION = YES;
				CLANG_WARN_COMMA = YES;
				CLANG_WARN_CONSTANT_CONVERSION = YES;
				CLANG_WARN_DEPRECATED_OBJC_IMPLEMENTATIONS = YES;
				CLANG_WARN_DIRECT_OBJC_ISA_USAGE = YES_ERROR;
				CLANG_WARN_DOCUMENTATION_COMMENTS = YES;
				CLANG_WARN_EMPTY_BODY = YES;
				CLANG_WARN_ENUM_CONVERSION = YES;
				CLANG_WARN_INFINITE_RECURSION = YES;
				CLANG_WARN_INT_CONVERSION = YES;
				CLANG_WARN_NON_LITERAL_NULL_CONVERSION = YES;
				CLANG_WARN_OBJC_IMPLICIT_RETAIN_SELF = YES;
				CLANG_WARN_OBJC_LITERAL_CONVERSION = YES;
				CLANG_WARN_OBJC_ROOT_CLASS = YES_ERROR;
				CLANG_WARN_QUOTED_INCLUDE_IN_FRAMEWORK_HEADER = YES;
				CLANG_WARN_RANGE_LOOP_ANALYSIS = YES;
				CLANG_WARN_STRICT_PROTOTYPES = YES;
				CLANG_WARN_SUSPICIOUS_MOVE = YES;
				CLANG_WARN_UNGUARDED_AVAILABILITY = YES_AGGRESSIVE;
				CLANG_WARN_UNREACHABLE_CODE = YES;
				CLANG_WARN__DUPLICATE_METHOD_MATCH = YES;
				COPY_PHASE_STRIP = NO;
				DEBUG_INFORMATION_FORMAT = "dwarf-with-dsym";
				ENABLE_NS_ASSERTIONS = NO;
				ENABLE_STRICT_OBJC_MSGSEND = YES;
				GCC_C_LANGUAGE_STANDARD = gnu11;
				GCC_NO_COMMON_BLOCKS = YES;
				GCC_WARN_64_TO_32_BIT_CONVERSION = YES;
				GCC_WARN_ABOUT_RETURN_TYPE = YES_ERROR;
				GCC_WARN_UNDECLARED_SELECTOR = YES;
				GCC_WARN_UNINITIALIZED_AUTOS = YES_AGGRESSIVE;
				GCC_WARN_UNUSED_FUNCTION = YES;
				GCC_WARN_UNUSED_VARIABLE = YES;
				IPHONEOS_DEPLOYMENT_TARGET = 15.4;
				MTL_ENABLE_DEBUG_INFO = NO;
				MTL_FAST_MATH = YES;
				SDKROOT = iphoneos;
				SWIFT_COMPILATION_MODE = wholemodule;
				SWIFT_OPTIMIZATION_LEVEL = "-O";
				VALIDATE_PRODUCT = YES;
			};
			name = Release;
		};
		E19A82F4283481BB00E58D08 /* Debug */ = {
			isa = XCBuildConfiguration;
			buildSettings = {
				ASSETCATALOG_COMPILER_APPICON_NAME = AppIcon;
				ASSETCATALOG_COMPILER_GLOBAL_ACCENT_COLOR_NAME = AccentColor;
				CODE_SIGN_STYLE = Automatic;
				CURRENT_PROJECT_VERSION = 1;
				DEVELOPMENT_TEAM = 5KZ5C4UW39;
				GENERATE_INFOPLIST_FILE = YES;
				INFOPLIST_FILE = 14.AVPlayerViewController/Info.plist;
				INFOPLIST_KEY_UIApplicationSupportsIndirectInputEvents = YES;
				INFOPLIST_KEY_UILaunchStoryboardName = LaunchScreen;
				INFOPLIST_KEY_UISupportedInterfaceOrientations_iPad = "UIInterfaceOrientationPortrait UIInterfaceOrientationPortraitUpsideDown UIInterfaceOrientationLandscapeLeft UIInterfaceOrientationLandscapeRight";
				INFOPLIST_KEY_UISupportedInterfaceOrientations_iPhone = "UIInterfaceOrientationPortrait UIInterfaceOrientationLandscapeLeft UIInterfaceOrientationLandscapeRight";
				LD_RUNPATH_SEARCH_PATHS = (
					"$(inherited)",
					"@executable_path/Frameworks",
				);
				MARKETING_VERSION = 1.0;
				PRODUCT_BUNDLE_IDENTIFIER = "jy.-4-AVPlayerViewController";
				PRODUCT_NAME = "$(TARGET_NAME)";
				SWIFT_EMIT_LOC_STRINGS = YES;
				SWIFT_VERSION = 5.0;
				TARGETED_DEVICE_FAMILY = "1,2";
			};
			name = Debug;
		};
		E19A82F5283481BB00E58D08 /* Release */ = {
			isa = XCBuildConfiguration;
			buildSettings = {
				ASSETCATALOG_COMPILER_APPICON_NAME = AppIcon;
				ASSETCATALOG_COMPILER_GLOBAL_ACCENT_COLOR_NAME = AccentColor;
				CODE_SIGN_STYLE = Automatic;
				CURRENT_PROJECT_VERSION = 1;
				DEVELOPMENT_TEAM = 5KZ5C4UW39;
				GENERATE_INFOPLIST_FILE = YES;
				INFOPLIST_FILE = 14.AVPlayerViewController/Info.plist;
				INFOPLIST_KEY_UIApplicationSupportsIndirectInputEvents = YES;
				INFOPLIST_KEY_UILaunchStoryboardName = LaunchScreen;
				INFOPLIST_KEY_UISupportedInterfaceOrientations_iPad = "UIInterfaceOrientationPortrait UIInterfaceOrientationPortraitUpsideDown UIInterfaceOrientationLandscapeLeft UIInterfaceOrientationLandscapeRight";
				INFOPLIST_KEY_UISupportedInterfaceOrientations_iPhone = "UIInterfaceOrientationPortrait UIInterfaceOrientationLandscapeLeft UIInterfaceOrientationLandscapeRight";
				LD_RUNPATH_SEARCH_PATHS = (
					"$(inherited)",
					"@executable_path/Frameworks",
				);
				MARKETING_VERSION = 1.0;
				PRODUCT_BUNDLE_IDENTIFIER = "jy.-4-AVPlayerViewController";
				PRODUCT_NAME = "$(TARGET_NAME)";
				SWIFT_EMIT_LOC_STRINGS = YES;
				SWIFT_VERSION = 5.0;
				TARGETED_DEVICE_FAMILY = "1,2";
			};
			name = Release;
		};
/* End XCBuildConfiguration section */

/* Begin XCConfigurationList section */
		E19A82DA283481B900E58D08 /* Build configuration list for PBXProject "14.AVPlayerViewController" */ = {
			isa = XCConfigurationList;
			buildConfigurations = (
				E19A82F1283481BB00E58D08 /* Debug */,
				E19A82F2283481BB00E58D08 /* Release */,
			);
			defaultConfigurationIsVisible = 0;
			defaultConfigurationName = Release;
		};
		E19A82F3283481BB00E58D08 /* Build configuration list for PBXNativeTarget "14.AVPlayerViewController" */ = {
			isa = XCConfigurationList;
			buildConfigurations = (
				E19A82F4283481BB00E58D08 /* Debug */,
				E19A82F5283481BB00E58D08 /* Release */,
			);
			defaultConfigurationIsVisible = 0;
			defaultConfigurationName = Release;
		};
/* End XCConfigurationList section */
	};
	rootObject = E19A82D7283481B900E58D08 /* Project object */;
}
