// !$*UTF8*$!
{
	archiveVersion = 1;
	classes = {
	};
	objectVersion = 50;
	objects = {

/* Begin PBXBuildFile section */
		E101587A26AFC87B0003BE86 /* AppDelegate.swift in Sources */ = {isa = PBXBuildFile; fileRef = E101587926AFC87B0003BE86 /* AppDelegate.swift */; };
		E101587C26AFC87B0003BE86 /* SceneDelegate.swift in Sources */ = {isa = PBXBuildFile; fileRef = E101587B26AFC87B0003BE86 /* SceneDelegate.swift */; };
		E101587E26AFC87B0003BE86 /* ViewController.swift in Sources */ = {isa = PBXBuildFile; fileRef = E101587D26AFC87B0003BE86 /* ViewController.swift */; };
		E101588126AFC87B0003BE86 /* Main.storyboard in Resources */ = {isa = PBXBuildFile; fileRef = E101587F26AFC87B0003BE86 /* Main.storyboard */; };
		E101588426AFC87B0003BE86 /* AlertNotificationPractice.xcdatamodeld in Sources */ = {isa = PBXBuildFile; fileRef = E101588226AFC87B0003BE86 /* AlertNotificationPractice.xcdatamodeld */; };
		E101588626AFC87C0003BE86 /* Assets.xcassets in Resources */ = {isa = PBXBuildFile; fileRef = E101588526AFC87C0003BE86 /* Assets.xcassets */; };
		E101588926AFC87C0003BE86 /* LaunchScreen.storyboard in Resources */ = {isa = PBXBuildFile; fileRef = E101588726AFC87C0003BE86 /* LaunchScreen.storyboard */; };
		E101589126AFD3680003BE86 /* QuizController.swift in Sources */ = {isa = PBXBuildFile; fileRef = E101589026AFD3670003BE86 /* QuizController.swift */; };
		E101589326AFD6760003BE86 /* Quiz_1.swift in Sources */ = {isa = PBXBuildFile; fileRef = E101589226AFD6760003BE86 /* Quiz_1.swift */; };
		E125AAF626B51A6D00A5BD4D /* Protocol.swift in Sources */ = {isa = PBXBuildFile; fileRef = E125AAF526B51A6D00A5BD4D /* Protocol.swift */; };
		E1B0DC3026B2FDFF00E94ABC /* ImagePickerViewController.swift in Sources */ = {isa = PBXBuildFile; fileRef = E1B0DC2F26B2FDFF00E94ABC /* ImagePickerViewController.swift */; };
		E1C0779E26B2BD8300D1FD92 /* AnswerManager.swift in Sources */ = {isa = PBXBuildFile; fileRef = E1C0779D26B2BD8300D1FD92 /* AnswerManager.swift */; };
/* End PBXBuildFile section */

/* Begin PBXFileReference section */
		E101587626AFC87B0003BE86 /* AlertNotificationPractice.app */ = {isa = PBXFileReference; explicitFileType = wrapper.application; includeInIndex = 0; path = AlertNotificationPractice.app; sourceTree = BUILT_PRODUCTS_DIR; };
		E101587926AFC87B0003BE86 /* AppDelegate.swift */ = {isa = PBXFileReference; lastKnownFileType = sourcecode.swift; path = AppDelegate.swift; sourceTree = "<group>"; };
		E101587B26AFC87B0003BE86 /* SceneDelegate.swift */ = {isa = PBXFileReference; lastKnownFileType = sourcecode.swift; path = SceneDelegate.swift; sourceTree = "<group>"; };
		E101587D26AFC87B0003BE86 /* ViewController.swift */ = {isa = PBXFileReference; lastKnownFileType = sourcecode.swift; path = ViewController.swift; sourceTree = "<group>"; };
		E101588026AFC87B0003BE86 /* Base */ = {isa = PBXFileReference; lastKnownFileType = file.storyboard; name = Base; path = Base.lproj/Main.storyboard; sourceTree = "<group>"; };
		E101588326AFC87B0003BE86 /* AlertNotificationPractice.xcdatamodel */ = {isa = PBXFileReference; lastKnownFileType = wrapper.xcdatamodel; path = AlertNotificationPractice.xcdatamodel; sourceTree = "<group>"; };
		E101588526AFC87C0003BE86 /* Assets.xcassets */ = {isa = PBXFileReference; lastKnownFileType = folder.assetcatalog; path = Assets.xcassets; sourceTree = "<group>"; };
		E101588826AFC87C0003BE86 /* Base */ = {isa = PBXFileReference; lastKnownFileType = file.storyboard; name = Base; path = Base.lproj/LaunchScreen.storyboard; sourceTree = "<group>"; };
		E101588A26AFC87C0003BE86 /* Info.plist */ = {isa = PBXFileReference; lastKnownFileType = text.plist.xml; path = Info.plist; sourceTree = "<group>"; };
		E101589026AFD3670003BE86 /* QuizController.swift */ = {isa = PBXFileReference; lastKnownFileType = sourcecode.swift; path = QuizController.swift; sourceTree = "<group>"; };
		E101589226AFD6760003BE86 /* Quiz_1.swift */ = {isa = PBXFileReference; lastKnownFileType = sourcecode.swift; path = Quiz_1.swift; sourceTree = "<group>"; };
		E125AAF526B51A6D00A5BD4D /* Protocol.swift */ = {isa = PBXFileReference; lastKnownFileType = sourcecode.swift; path = Protocol.swift; sourceTree = "<group>"; };
		E1B0DC2F26B2FDFF00E94ABC /* ImagePickerViewController.swift */ = {isa = PBXFileReference; lastKnownFileType = sourcecode.swift; path = ImagePickerViewController.swift; sourceTree = "<group>"; };
		E1C0779D26B2BD8300D1FD92 /* AnswerManager.swift */ = {isa = PBXFileReference; lastKnownFileType = sourcecode.swift; path = AnswerManager.swift; sourceTree = "<group>"; };
/* End PBXFileReference section */

/* Begin PBXFrameworksBuildPhase section */
		E101587326AFC87B0003BE86 /* Frameworks */ = {
			isa = PBXFrameworksBuildPhase;
			buildActionMask = 2147483647;
			files = (
			);
			runOnlyForDeploymentPostprocessing = 0;
		};
/* End PBXFrameworksBuildPhase section */

/* Begin PBXGroup section */
		E101586D26AFC87B0003BE86 = {
			isa = PBXGroup;
			children = (
				E101587826AFC87B0003BE86 /* AlertNotificationPractice */,
				E101587726AFC87B0003BE86 /* Products */,
			);
			sourceTree = "<group>";
		};
		E101587726AFC87B0003BE86 /* Products */ = {
			isa = PBXGroup;
			children = (
				E101587626AFC87B0003BE86 /* AlertNotificationPractice.app */,
			);
			name = Products;
			sourceTree = "<group>";
		};
		E101587826AFC87B0003BE86 /* AlertNotificationPractice */ = {
			isa = PBXGroup;
			children = (
				E1C0779F26B2CA0900D1FD92 /* QuizView */,
				E101587926AFC87B0003BE86 /* AppDelegate.swift */,
				E101587B26AFC87B0003BE86 /* SceneDelegate.swift */,
				E1C077A026B2CA2400D1FD92 /* Model */,
				E101587D26AFC87B0003BE86 /* ViewController.swift */,
				E1B0DC2F26B2FDFF00E94ABC /* ImagePickerViewController.swift */,
				E101587F26AFC87B0003BE86 /* Main.storyboard */,
				E125AAF526B51A6D00A5BD4D /* Protocol.swift */,
				E101588526AFC87C0003BE86 /* Assets.xcassets */,
				E101588726AFC87C0003BE86 /* LaunchScreen.storyboard */,
				E101588A26AFC87C0003BE86 /* Info.plist */,
				E101588226AFC87B0003BE86 /* AlertNotificationPractice.xcdatamodeld */,
			);
			path = AlertNotificationPractice;
			sourceTree = "<group>";
		};
		E1C0779F26B2CA0900D1FD92 /* QuizView */ = {
			isa = PBXGroup;
			children = (
				E101589026AFD3670003BE86 /* QuizController.swift */,
				E101589226AFD6760003BE86 /* Quiz_1.swift */,
			);
			path = QuizView;
			sourceTree = "<group>";
		};
		E1C077A026B2CA2400D1FD92 /* Model */ = {
			isa = PBXGroup;
			children = (
				E1C0779D26B2BD8300D1FD92 /* AnswerManager.swift */,
			);
			path = Model;
			sourceTree = "<group>";
		};
/* End PBXGroup section */

/* Begin PBXNativeTarget section */
		E101587526AFC87B0003BE86 /* AlertNotificationPractice */ = {
			isa = PBXNativeTarget;
			buildConfigurationList = E101588D26AFC87C0003BE86 /* Build configuration list for PBXNativeTarget "AlertNotificationPractice" */;
			buildPhases = (
				E101587226AFC87B0003BE86 /* Sources */,
				E101587326AFC87B0003BE86 /* Frameworks */,
				E101587426AFC87B0003BE86 /* Resources */,
			);
			buildRules = (
			);
			dependencies = (
			);
			name = AlertNotificationPractice;
			productName = AlertNotificationPractice;
			productReference = E101587626AFC87B0003BE86 /* AlertNotificationPractice.app */;
			productType = "com.apple.product-type.application";
		};
/* End PBXNativeTarget section */

/* Begin PBXProject section */
		E101586E26AFC87B0003BE86 /* Project object */ = {
			isa = PBXProject;
			attributes = {
				LastSwiftUpdateCheck = 1250;
				LastUpgradeCheck = 1250;
				TargetAttributes = {
					E101587526AFC87B0003BE86 = {
						CreatedOnToolsVersion = 12.5.1;
					};
				};
			};
			buildConfigurationList = E101587126AFC87B0003BE86 /* Build configuration list for PBXProject "AlertNotificationPractice" */;
			compatibilityVersion = "Xcode 9.3";
			developmentRegion = en;
			hasScannedForEncodings = 0;
			knownRegions = (
				en,
				Base,
			);
			mainGroup = E101586D26AFC87B0003BE86;
			productRefGroup = E101587726AFC87B0003BE86 /* Products */;
			projectDirPath = "";
			projectRoot = "";
			targets = (
				E101587526AFC87B0003BE86 /* AlertNotificationPractice */,
			);
		};
/* End PBXProject section */

/* Begin PBXResourcesBuildPhase section */
		E101587426AFC87B0003BE86 /* Resources */ = {
			isa = PBXResourcesBuildPhase;
			buildActionMask = 2147483647;
			files = (
				E101588926AFC87C0003BE86 /* LaunchScreen.storyboard in Resources */,
				E101588626AFC87C0003BE86 /* Assets.xcassets in Resources */,
				E101588126AFC87B0003BE86 /* Main.storyboard in Resources */,
			);
			runOnlyForDeploymentPostprocessing = 0;
		};
/* End PBXResourcesBuildPhase section */

/* Begin PBXSourcesBuildPhase section */
		E101587226AFC87B0003BE86 /* Sources */ = {
			isa = PBXSourcesBuildPhase;
			buildActionMask = 2147483647;
			files = (
				E1C0779E26B2BD8300D1FD92 /* AnswerManager.swift in Sources */,
				E101588426AFC87B0003BE86 /* AlertNotificationPractice.xcdatamodeld in Sources */,
				E1B0DC3026B2FDFF00E94ABC /* ImagePickerViewController.swift in Sources */,
				E101589126AFD3680003BE86 /* QuizController.swift in Sources */,
				E101587E26AFC87B0003BE86 /* ViewController.swift in Sources */,
				E101587A26AFC87B0003BE86 /* AppDelegate.swift in Sources */,
				E101589326AFD6760003BE86 /* Quiz_1.swift in Sources */,
				E125AAF626B51A6D00A5BD4D /* Protocol.swift in Sources */,
				E101587C26AFC87B0003BE86 /* SceneDelegate.swift in Sources */,
			);
			runOnlyForDeploymentPostprocessing = 0;
		};
/* End PBXSourcesBuildPhase section */

/* Begin PBXVariantGroup section */
		E101587F26AFC87B0003BE86 /* Main.storyboard */ = {
			isa = PBXVariantGroup;
			children = (
				E101588026AFC87B0003BE86 /* Base */,
			);
			name = Main.storyboard;
			sourceTree = "<group>";
		};
		E101588726AFC87C0003BE86 /* LaunchScreen.storyboard */ = {
			isa = PBXVariantGroup;
			children = (
				E101588826AFC87C0003BE86 /* Base */,
			);
			name = LaunchScreen.storyboard;
			sourceTree = "<group>";
		};
/* End PBXVariantGroup section */

/* Begin XCBuildConfiguration section */
		E101588B26AFC87C0003BE86 /* Debug */ = {
			isa = XCBuildConfiguration;
			buildSettings = {
				ALWAYS_SEARCH_USER_PATHS = NO;
				CLANG_ANALYZER_NONNULL = YES;
				CLANG_ANALYZER_NUMBER_OBJECT_CONVERSION = YES_AGGRESSIVE;
				CLANG_CXX_LANGUAGE_STANDARD = "gnu++14";
				CLANG_CXX_LIBRARY = "libc++";
				CLANG_ENABLE_MODULES = YES;
				CLANG_ENABLE_OBJC_ARC = YES;
				CLANG_ENABLE_OBJC_WEAK = YES;
				CLANG_WARN_BLOCK_CAPTURE_AUTORELEASING = YES;
				CLANG_WARN_BOOL_CONVERSION = YES;
				CLANG_WARN_COMMA = YES;
				CLANG_WARN_CONSTANT_CONVERSION = YES;
				CLANG_WARN_DEPRECATED_OBJC_IMPLEMENTATIONS = YES;
				CLANG_WARN_DIRECT_OBJC_ISA_USAGE = YES_ERROR;
				CLANG_WARN_DOCUMENTATION_COMMENTS = YES;
				CLANG_WARN_EMPTY_BODY = YES;
				CLANG_WARN_ENUM_CONVERSION = YES;
				CLANG_WARN_INFINITE_RECURSION = YES;
				CLANG_WARN_INT_CONVERSION = YES;
				CLANG_WARN_NON_LITERAL_NULL_CONVERSION = YES;
				CLANG_WARN_OBJC_IMPLICIT_RETAIN_SELF = YES;
				CLANG_WARN_OBJC_LITERAL_CONVERSION = YES;
				CLANG_WARN_OBJC_ROOT_CLASS = YES_ERROR;
				CLANG_WARN_QUOTED_INCLUDE_IN_FRAMEWORK_HEADER = YES;
				CLANG_WARN_RANGE_LOOP_ANALYSIS = YES;
				CLANG_WARN_STRICT_PROTOTYPES = YES;
				CLANG_WARN_SUSPICIOUS_MOVE = YES;
				CLANG_WARN_UNGUARDED_AVAILABILITY = YES_AGGRESSIVE;
				CLANG_WARN_UNREACHABLE_CODE = YES;
				CLANG_WARN__DUPLICATE_METHOD_MATCH = YES;
				COPY_PHASE_STRIP = NO;
				DEBUG_INFORMATION_FORMAT = dwarf;
				ENABLE_STRICT_OBJC_MSGSEND = YES;
				ENABLE_TESTABILITY = YES;
				GCC_C_LANGUAGE_STANDARD = gnu11;
				GCC_DYNAMIC_NO_PIC = NO;
				GCC_NO_COMMON_BLOCKS = YES;
				GCC_OPTIMIZATION_LEVEL = 0;
				GCC_PREPROCESSOR_DEFINITIONS = (
					"DEBUG=1",
					"$(inherited)",
				);
				GCC_WARN_64_TO_32_BIT_CONVERSION = YES;
				GCC_WARN_ABOUT_RETURN_TYPE = YES_ERROR;
				GCC_WARN_UNDECLARED_SELECTOR = YES;
				GCC_WARN_UNINITIALIZED_AUTOS = YES_AGGRESSIVE;
				GCC_WARN_UNUSED_FUNCTION = YES;
				GCC_WARN_UNUSED_VARIABLE = YES;
				IPHONEOS_DEPLOYMENT_TARGET = 14.5;
				MTL_ENABLE_DEBUG_INFO = INCLUDE_SOURCE;
				MTL_FAST_MATH = YES;
				ONLY_ACTIVE_ARCH = YES;
				SDKROOT = iphoneos;
				SWIFT_ACTIVE_COMPILATION_CONDITIONS = DEBUG;
				SWIFT_OPTIMIZATION_LEVEL = "-Onone";
			};
			name = Debug;
		};
		E101588C26AFC87C0003BE86 /* Release */ = {
			isa = XCBuildConfiguration;
			buildSettings = {
				ALWAYS_SEARCH_USER_PATHS = NO;
				CLANG_ANALYZER_NONNULL = YES;
				CLANG_ANALYZER_NUMBER_OBJECT_CONVERSION = YES_AGGRESSIVE;
				CLANG_CXX_LANGUAGE_STANDARD = "gnu++14";
				CLANG_CXX_LIBRARY = "libc++";
				CLANG_ENABLE_MODULES = YES;
				CLANG_ENABLE_OBJC_ARC = YES;
				CLANG_ENABLE_OBJC_WEAK = YES;
				CLANG_WARN_BLOCK_CAPTURE_AUTORELEASING = YES;
				CLANG_WARN_BOOL_CONVERSION = YES;
				CLANG_WARN_COMMA = YES;
				CLANG_WARN_CONSTANT_CONVERSION = YES;
				CLANG_WARN_DEPRECATED_OBJC_IMPLEMENTATIONS = YES;
				CLANG_WARN_DIRECT_OBJC_ISA_USAGE = YES_ERROR;
				CLANG_WARN_DOCUMENTATION_COMMENTS = YES;
				CLANG_WARN_EMPTY_BODY = YES;
				CLANG_WARN_ENUM_CONVERSION = YES;
				CLANG_WARN_INFINITE_RECURSION = YES;
				CLANG_WARN_INT_CONVERSION = YES;
				CLANG_WARN_NON_LITERAL_NULL_CONVERSION = YES;
				CLANG_WARN_OBJC_IMPLICIT_RETAIN_SELF = YES;
				CLANG_WARN_OBJC_LITERAL_CONVERSION = YES;
				CLANG_WARN_OBJC_ROOT_CLASS = YES_ERROR;
				CLANG_WARN_QUOTED_INCLUDE_IN_FRAMEWORK_HEADER = YES;
				CLANG_WARN_RANGE_LOOP_ANALYSIS = YES;
				CLANG_WARN_STRICT_PROTOTYPES = YES;
				CLANG_WARN_SUSPICIOUS_MOVE = YES;
				CLANG_WARN_UNGUARDED_AVAILABILITY = YES_AGGRESSIVE;
				CLANG_WARN_UNREACHABLE_CODE = YES;
				CLANG_WARN__DUPLICATE_METHOD_MATCH = YES;
				COPY_PHASE_STRIP = NO;
				DEBUG_INFORMATION_FORMAT = "dwarf-with-dsym";
				ENABLE_NS_ASSERTIONS = NO;
				ENABLE_STRICT_OBJC_MSGSEND = YES;
				GCC_C_LANGUAGE_STANDARD = gnu11;
				GCC_NO_COMMON_BLOCKS = YES;
				GCC_WARN_64_TO_32_BIT_CONVERSION = YES;
				GCC_WARN_ABOUT_RETURN_TYPE = YES_ERROR;
				GCC_WARN_UNDECLARED_SELECTOR = YES;
				GCC_WARN_UNINITIALIZED_AUTOS = YES_AGGRESSIVE;
				GCC_WARN_UNUSED_FUNCTION = YES;
				GCC_WARN_UNUSED_VARIABLE = YES;
				IPHONEOS_DEPLOYMENT_TARGET = 14.5;
				MTL_ENABLE_DEBUG_INFO = NO;
				MTL_FAST_MATH = YES;
				SDKROOT = iphoneos;
				SWIFT_COMPILATION_MODE = wholemodule;
				SWIFT_OPTIMIZATION_LEVEL = "-O";
				VALIDATE_PRODUCT = YES;
			};
			name = Release;
		};
		E101588E26AFC87C0003BE86 /* Debug */ = {
			isa = XCBuildConfiguration;
			buildSettings = {
				ASSETCATALOG_COMPILER_APPICON_NAME = AppIcon;
				ASSETCATALOG_COMPILER_GLOBAL_ACCENT_COLOR_NAME = AccentColor;
				CODE_SIGN_STYLE = Automatic;
				DEVELOPMENT_TEAM = 5KZ5C4UW39;
				INFOPLIST_FILE = AlertNotificationPractice/Info.plist;
				LD_RUNPATH_SEARCH_PATHS = (
					"$(inherited)",
					"@executable_path/Frameworks",
				);
				PRODUCT_BUNDLE_IDENTIFIER = JY.AlertNotificationPractice;
				PRODUCT_NAME = "$(TARGET_NAME)";
				SWIFT_VERSION = 5.0;
				TARGETED_DEVICE_FAMILY = "1,2";
			};
			name = Debug;
		};
		E101588F26AFC87C0003BE86 /* Release */ = {
			isa = XCBuildConfiguration;
			buildSettings = {
				ASSETCATALOG_COMPILER_APPICON_NAME = AppIcon;
				ASSETCATALOG_COMPILER_GLOBAL_ACCENT_COLOR_NAME = AccentColor;
				CODE_SIGN_STYLE = Automatic;
				DEVELOPMENT_TEAM = 5KZ5C4UW39;
				INFOPLIST_FILE = AlertNotificationPractice/Info.plist;
				LD_RUNPATH_SEARCH_PATHS = (
					"$(inherited)",
					"@executable_path/Frameworks",
				);
				PRODUCT_BUNDLE_IDENTIFIER = JY.AlertNotificationPractice;
				PRODUCT_NAME = "$(TARGET_NAME)";
				SWIFT_VERSION = 5.0;
				TARGETED_DEVICE_FAMILY = "1,2";
			};
			name = Release;
		};
/* End XCBuildConfiguration section */

/* Begin XCConfigurationList section */
		E101587126AFC87B0003BE86 /* Build configuration list for PBXProject "AlertNotificationPractice" */ = {
			isa = XCConfigurationList;
			buildConfigurations = (
				E101588B26AFC87C0003BE86 /* Debug */,
				E101588C26AFC87C0003BE86 /* Release */,
			);
			defaultConfigurationIsVisible = 0;
			defaultConfigurationName = Release;
		};
		E101588D26AFC87C0003BE86 /* Build configuration list for PBXNativeTarget "AlertNotificationPractice" */ = {
			isa = XCConfigurationList;
			buildConfigurations = (
				E101588E26AFC87C0003BE86 /* Debug */,
				E101588F26AFC87C0003BE86 /* Release */,
			);
			defaultConfigurationIsVisible = 0;
			defaultConfigurationName = Release;
		};
/* End XCConfigurationList section */

/* Begin XCVersionGroup section */
		E101588226AFC87B0003BE86 /* AlertNotificationPractice.xcdatamodeld */ = {
			isa = XCVersionGroup;
			children = (
				E101588326AFC87B0003BE86 /* AlertNotificationPractice.xcdatamodel */,
			);
			currentVersion = E101588326AFC87B0003BE86 /* AlertNotificationPractice.xcdatamodel */;
			path = AlertNotificationPractice.xcdatamodeld;
			sourceTree = "<group>";
			versionGroupType = wrapper.xcdatamodel;
		};
/* End XCVersionGroup section */
	};
	rootObject = E101586E26AFC87B0003BE86 /* Project object */;
}
