// !$*UTF8*$!
{
	archiveVersion = 1;
	classes = {
	};
	objectVersion = 55;
	objects = {

/* Begin PBXBuildFile section */
		E1FEBB302834DFFE002BFF6A /* AppDelegate.swift in Sources */ = {isa = PBXBuildFile; fileRef = E1FEBB2F2834DFFE002BFF6A /* AppDelegate.swift */; };
		E1FEBB322834DFFE002BFF6A /* SceneDelegate.swift in Sources */ = {isa = PBXBuildFile; fileRef = E1FEBB312834DFFE002BFF6A /* SceneDelegate.swift */; };
		E1FEBB342834DFFE002BFF6A /* ViewController.swift in Sources */ = {isa = PBXBuildFile; fileRef = E1FEBB332834DFFE002BFF6A /* ViewController.swift */; };
		E1FEBB372834DFFE002BFF6A /* Main.storyboard in Resources */ = {isa = PBXBuildFile; fileRef = E1FEBB352834DFFE002BFF6A /* Main.storyboard */; };
		E1FEBB392834E000002BFF6A /* Assets.xcassets in Resources */ = {isa = PBXBuildFile; fileRef = E1FEBB382834E000002BFF6A /* Assets.xcassets */; };
		E1FEBB3C2834E000002BFF6A /* LaunchScreen.storyboard in Resources */ = {isa = PBXBuildFile; fileRef = E1FEBB3A2834E000002BFF6A /* LaunchScreen.storyboard */; };
		E1FEBB442834E60B002BFF6A /* Extension.swift in Sources */ = {isa = PBXBuildFile; fileRef = E1FEBB432834E60B002BFF6A /* Extension.swift */; };
/* End PBXBuildFile section */

/* Begin PBXFileReference section */
		E1FEBB2C2834DFFE002BFF6A /* 15-1.CameraPhotoLibrary(collage).app */ = {isa = PBXFileReference; explicitFileType = wrapper.application; includeInIndex = 0; path = "15-1.CameraPhotoLibrary(collage).app"; sourceTree = BUILT_PRODUCTS_DIR; };
		E1FEBB2F2834DFFE002BFF6A /* AppDelegate.swift */ = {isa = PBXFileReference; lastKnownFileType = sourcecode.swift; path = AppDelegate.swift; sourceTree = "<group>"; };
		E1FEBB312834DFFE002BFF6A /* SceneDelegate.swift */ = {isa = PBXFileReference; lastKnownFileType = sourcecode.swift; path = SceneDelegate.swift; sourceTree = "<group>"; };
		E1FEBB332834DFFE002BFF6A /* ViewController.swift */ = {isa = PBXFileReference; lastKnownFileType = sourcecode.swift; path = ViewController.swift; sourceTree = "<group>"; };
		E1FEBB362834DFFE002BFF6A /* Base */ = {isa = PBXFileReference; lastKnownFileType = file.storyboard; name = Base; path = Base.lproj/Main.storyboard; sourceTree = "<group>"; };
		E1FEBB382834E000002BFF6A /* Assets.xcassets */ = {isa = PBXFileReference; lastKnownFileType = folder.assetcatalog; path = Assets.xcassets; sourceTree = "<group>"; };
		E1FEBB3B2834E000002BFF6A /* Base */ = {isa = PBXFileReference; lastKnownFileType = file.storyboard; name = Base; path = Base.lproj/LaunchScreen.storyboard; sourceTree = "<group>"; };
		E1FEBB3D2834E000002BFF6A /* Info.plist */ = {isa = PBXFileReference; lastKnownFileType = text.plist.xml; path = Info.plist; sourceTree = "<group>"; };
		E1FEBB432834E60B002BFF6A /* Extension.swift */ = {isa = PBXFileReference; lastKnownFileType = sourcecode.swift; path = Extension.swift; sourceTree = "<group>"; };
/* End PBXFileReference section */

/* Begin PBXFrameworksBuildPhase section */
		E1FEBB292834DFFE002BFF6A /* Frameworks */ = {
			isa = PBXFrameworksBuildPhase;
			buildActionMask = 2147483647;
			files = (
			);
			runOnlyForDeploymentPostprocessing = 0;
		};
/* End PBXFrameworksBuildPhase section */

/* Begin PBXGroup section */
		E1FEBB232834DFFE002BFF6A = {
			isa = PBXGroup;
			children = (
				E1FEBB2E2834DFFE002BFF6A /* 15-1.CameraPhotoLibrary(collage) */,
				E1FEBB2D2834DFFE002BFF6A /* Products */,
			);
			sourceTree = "<group>";
		};
		E1FEBB2D2834DFFE002BFF6A /* Products */ = {
			isa = PBXGroup;
			children = (
				E1FEBB2C2834DFFE002BFF6A /* 15-1.CameraPhotoLibrary(collage).app */,
			);
			name = Products;
			sourceTree = "<group>";
		};
		E1FEBB2E2834DFFE002BFF6A /* 15-1.CameraPhotoLibrary(collage) */ = {
			isa = PBXGroup;
			children = (
				E1FEBB2F2834DFFE002BFF6A /* AppDelegate.swift */,
				E1FEBB312834DFFE002BFF6A /* SceneDelegate.swift */,
				E1FEBB332834DFFE002BFF6A /* ViewController.swift */,
				E1FEBB432834E60B002BFF6A /* Extension.swift */,
				E1FEBB352834DFFE002BFF6A /* Main.storyboard */,
				E1FEBB382834E000002BFF6A /* Assets.xcassets */,
				E1FEBB3A2834E000002BFF6A /* LaunchScreen.storyboard */,
				E1FEBB3D2834E000002BFF6A /* Info.plist */,
			);
			path = "15-1.CameraPhotoLibrary(collage)";
			sourceTree = "<group>";
		};
/* End PBXGroup section */

/* Begin PBXNativeTarget section */
		E1FEBB2B2834DFFE002BFF6A /* 15-1.CameraPhotoLibrary(collage) */ = {
			isa = PBXNativeTarget;
			buildConfigurationList = E1FEBB402834E000002BFF6A /* Build configuration list for PBXNativeTarget "15-1.CameraPhotoLibrary(collage)" */;
			buildPhases = (
				E1FEBB282834DFFE002BFF6A /* Sources */,
				E1FEBB292834DFFE002BFF6A /* Frameworks */,
				E1FEBB2A2834DFFE002BFF6A /* Resources */,
			);
			buildRules = (
			);
			dependencies = (
			);
			name = "15-1.CameraPhotoLibrary(collage)";
			productName = "15-1.CameraPhotoLibrary(collage)";
			productReference = E1FEBB2C2834DFFE002BFF6A /* 15-1.CameraPhotoLibrary(collage).app */;
			productType = "com.apple.product-type.application";
		};
/* End PBXNativeTarget section */

/* Begin PBXProject section */
		E1FEBB242834DFFE002BFF6A /* Project object */ = {
			isa = PBXProject;
			attributes = {
				BuildIndependentTargetsInParallel = 1;
				LastSwiftUpdateCheck = 1330;
				LastUpgradeCheck = 1330;
				TargetAttributes = {
					E1FEBB2B2834DFFE002BFF6A = {
						CreatedOnToolsVersion = 13.3.1;
					};
				};
			};
			buildConfigurationList = E1FEBB272834DFFE002BFF6A /* Build configuration list for PBXProject "15-1.CameraPhotoLibrary(collage)" */;
			compatibilityVersion = "Xcode 13.0";
			developmentRegion = en;
			hasScannedForEncodings = 0;
			knownRegions = (
				en,
				Base,
			);
			mainGroup = E1FEBB232834DFFE002BFF6A;
			productRefGroup = E1FEBB2D2834DFFE002BFF6A /* Products */;
			projectDirPath = "";
			projectRoot = "";
			targets = (
				E1FEBB2B2834DFFE002BFF6A /* 15-1.CameraPhotoLibrary(collage) */,
			);
		};
/* End PBXProject section */

/* Begin PBXResourcesBuildPhase section */
		E1FEBB2A2834DFFE002BFF6A /* Resources */ = {
			isa = PBXResourcesBuildPhase;
			buildActionMask = 2147483647;
			files = (
				E1FEBB3C2834E000002BFF6A /* LaunchScreen.storyboard in Resources */,
				E1FEBB392834E000002BFF6A /* Assets.xcassets in Resources */,
				E1FEBB372834DFFE002BFF6A /* Main.storyboard in Resources */,
			);
			runOnlyForDeploymentPostprocessing = 0;
		};
/* End PBXResourcesBuildPhase section */

/* Begin PBXSourcesBuildPhase section */
		E1FEBB282834DFFE002BFF6A /* Sources */ = {
			isa = PBXSourcesBuildPhase;
			buildActionMask = 2147483647;
			files = (
				E1FEBB342834DFFE002BFF6A /* ViewController.swift in Sources */,
				E1FEBB302834DFFE002BFF6A /* AppDelegate.swift in Sources */,
				E1FEBB322834DFFE002BFF6A /* SceneDelegate.swift in Sources */,
				E1FEBB442834E60B002BFF6A /* Extension.swift in Sources */,
			);
			runOnlyForDeploymentPostprocessing = 0;
		};
/* End PBXSourcesBuildPhase section */

/* Begin PBXVariantGroup section */
		E1FEBB352834DFFE002BFF6A /* Main.storyboard */ = {
			isa = PBXVariantGroup;
			children = (
				E1FEBB362834DFFE002BFF6A /* Base */,
			);
			name = Main.storyboard;
			sourceTree = "<group>";
		};
		E1FEBB3A2834E000002BFF6A /* LaunchScreen.storyboard */ = {
			isa = PBXVariantGroup;
			children = (
				E1FEBB3B2834E000002BFF6A /* Base */,
			);
			name = LaunchScreen.storyboard;
			sourceTree = "<group>";
		};
/* End PBXVariantGroup section */

/* Begin XCBuildConfiguration section */
		E1FEBB3E2834E000002BFF6A /* Debug */ = {
			isa = XCBuildConfiguration;
			buildSettings = {
				ALWAYS_SEARCH_USER_PATHS = NO;
				CLANG_ANALYZER_NONNULL = YES;
				CLANG_ANALYZER_NUMBER_OBJECT_CONVERSION = YES_AGGRESSIVE;
				CLANG_CXX_LANGUAGE_STANDARD = "gnu++17";
				CLANG_ENABLE_MODULES = YES;
				CLANG_ENABLE_OBJC_ARC = YES;
				CLANG_ENABLE_OBJC_WEAK = YES;
				CLANG_WARN_BLOCK_CAPTURE_AUTORELEASING = YES;
				CLANG_WARN_BOOL_CONVERSION = YES;
				CLANG_WARN_COMMA = YES;
				CLANG_WARN_CONSTANT_CONVERSION = YES;
				CLANG_WARN_DEPRECATED_OBJC_IMPLEMENTATIONS = YES;
				CLANG_WARN_DIRECT_OBJC_ISA_USAGE = YES_ERROR;
				CLANG_WARN_DOCUMENTATION_COMMENTS = YES;
				CLANG_WARN_EMPTY_BODY = YES;
				CLANG_WARN_ENUM_CONVERSION = YES;
				CLANG_WARN_INFINITE_RECURSION = YES;
				CLANG_WARN_INT_CONVERSION = YES;
				CLANG_WARN_NON_LITERAL_NULL_CONVERSION = YES;
				CLANG_WARN_OBJC_IMPLICIT_RETAIN_SELF = YES;
				CLANG_WARN_OBJC_LITERAL_CONVERSION = YES;
				CLANG_WARN_OBJC_ROOT_CLASS = YES_ERROR;
				CLANG_WARN_QUOTED_INCLUDE_IN_FRAMEWORK_HEADER = YES;
				CLANG_WARN_RANGE_LOOP_ANALYSIS = YES;
				CLANG_WARN_STRICT_PROTOTYPES = YES;
				CLANG_WARN_SUSPICIOUS_MOVE = YES;
				CLANG_WARN_UNGUARDED_AVAILABILITY = YES_AGGRESSIVE;
				CLANG_WARN_UNREACHABLE_CODE = YES;
				CLANG_WARN__DUPLICATE_METHOD_MATCH = YES;
				COPY_PHASE_STRIP = NO;
				DEBUG_INFORMATION_FORMAT = dwarf;
				ENABLE_STRICT_OBJC_MSGSEND = YES;
				ENABLE_TESTABILITY = YES;
				GCC_C_LANGUAGE_STANDARD = gnu11;
				GCC_DYNAMIC_NO_PIC = NO;
				GCC_NO_COMMON_BLOCKS = YES;
				GCC_OPTIMIZATION_LEVEL = 0;
				GCC_PREPROCESSOR_DEFINITIONS = (
					"DEBUG=1",
					"$(inherited)",
				);
				GCC_WARN_64_TO_32_BIT_CONVERSION = YES;
				GCC_WARN_ABOUT_RETURN_TYPE = YES_ERROR;
				GCC_WARN_UNDECLARED_SELECTOR = YES;
				GCC_WARN_UNINITIALIZED_AUTOS = YES_AGGRESSIVE;
				GCC_WARN_UNUSED_FUNCTION = YES;
				GCC_WARN_UNUSED_VARIABLE = YES;
				IPHONEOS_DEPLOYMENT_TARGET = 15.4;
				MTL_ENABLE_DEBUG_INFO = INCLUDE_SOURCE;
				MTL_FAST_MATH = YES;
				ONLY_ACTIVE_ARCH = YES;
				SDKROOT = iphoneos;
				SWIFT_ACTIVE_COMPILATION_CONDITIONS = DEBUG;
				SWIFT_OPTIMIZATION_LEVEL = "-Onone";
			};
			name = Debug;
		};
		E1FEBB3F2834E000002BFF6A /* Release */ = {
			isa = XCBuildConfiguration;
			buildSettings = {
				ALWAYS_SEARCH_USER_PATHS = NO;
				CLANG_ANALYZER_NONNULL = YES;
				CLANG_ANALYZER_NUMBER_OBJECT_CONVERSION = YES_AGGRESSIVE;
				CLANG_CXX_LANGUAGE_STANDARD = "gnu++17";
				CLANG_ENABLE_MODULES = YES;
				CLANG_ENABLE_OBJC_ARC = YES;
				CLANG_ENABLE_OBJC_WEAK = YES;
				CLANG_WARN_BLOCK_CAPTURE_AUTORELEASING = YES;
				CLANG_WARN_BOOL_CONVERSION = YES;
				CLANG_WARN_COMMA = YES;
				CLANG_WARN_CONSTANT_CONVERSION = YES;
				CLANG_WARN_DEPRECATED_OBJC_IMPLEMENTATIONS = YES;
				CLANG_WARN_DIRECT_OBJC_ISA_USAGE = YES_ERROR;
				CLANG_WARN_DOCUMENTATION_COMMENTS = YES;
				CLANG_WARN_EMPTY_BODY = YES;
				CLANG_WARN_ENUM_CONVERSION = YES;
				CLANG_WARN_INFINITE_RECURSION = YES;
				CLANG_WARN_INT_CONVERSION = YES;
				CLANG_WARN_NON_LITERAL_NULL_CONVERSION = YES;
				CLANG_WARN_OBJC_IMPLICIT_RETAIN_SELF = YES;
				CLANG_WARN_OBJC_LITERAL_CONVERSION = YES;
				CLANG_WARN_OBJC_ROOT_CLASS = YES_ERROR;
				CLANG_WARN_QUOTED_INCLUDE_IN_FRAMEWORK_HEADER = YES;
				CLANG_WARN_RANGE_LOOP_ANALYSIS = YES;
				CLANG_WARN_STRICT_PROTOTYPES = YES;
				CLANG_WARN_SUSPICIOUS_MOVE = YES;
				CLANG_WARN_UNGUARDED_AVAILABILITY = YES_AGGRESSIVE;
				CLANG_WARN_UNREACHABLE_CODE = YES;
				CLANG_WARN__DUPLICATE_METHOD_MATCH = YES;
				COPY_PHASE_STRIP = NO;
				DEBUG_INFORMATION_FORMAT = "dwarf-with-dsym";
				ENABLE_NS_ASSERTIONS = NO;
				ENABLE_STRICT_OBJC_MSGSEND = YES;
				GCC_C_LANGUAGE_STANDARD = gnu11;
				GCC_NO_COMMON_BLOCKS = YES;
				GCC_WARN_64_TO_32_BIT_CONVERSION = YES;
				GCC_WARN_ABOUT_RETURN_TYPE = YES_ERROR;
				GCC_WARN_UNDECLARED_SELECTOR = YES;
				GCC_WARN_UNINITIALIZED_AUTOS = YES_AGGRESSIVE;
				GCC_WARN_UNUSED_FUNCTION = YES;
				GCC_WARN_UNUSED_VARIABLE = YES;
				IPHONEOS_DEPLOYMENT_TARGET = 15.4;
				MTL_ENABLE_DEBUG_INFO = NO;
				MTL_FAST_MATH = YES;
				SDKROOT = iphoneos;
				SWIFT_COMPILATION_MODE = wholemodule;
				SWIFT_OPTIMIZATION_LEVEL = "-O";
				VALIDATE_PRODUCT = YES;
			};
			name = Release;
		};
		E1FEBB412834E000002BFF6A /* Debug */ = {
			isa = XCBuildConfiguration;
			buildSettings = {
				ASSETCATALOG_COMPILER_APPICON_NAME = AppIcon;
				ASSETCATALOG_COMPILER_GLOBAL_ACCENT_COLOR_NAME = AccentColor;
				CODE_SIGN_STYLE = Automatic;
				CURRENT_PROJECT_VERSION = 1;
				DEVELOPMENT_TEAM = 5KZ5C4UW39;
				GENERATE_INFOPLIST_FILE = YES;
				INFOPLIST_FILE = "15-1.CameraPhotoLibrary(collage)/Info.plist";
				INFOPLIST_KEY_UIApplicationSupportsIndirectInputEvents = YES;
				INFOPLIST_KEY_UILaunchStoryboardName = LaunchScreen;
				INFOPLIST_KEY_UIMainStoryboardFile = Main;
				INFOPLIST_KEY_UISupportedInterfaceOrientations_iPad = "UIInterfaceOrientationPortrait UIInterfaceOrientationPortraitUpsideDown UIInterfaceOrientationLandscapeLeft UIInterfaceOrientationLandscapeRight";
				INFOPLIST_KEY_UISupportedInterfaceOrientations_iPhone = "UIInterfaceOrientationPortrait UIInterfaceOrientationLandscapeLeft UIInterfaceOrientationLandscapeRight";
				LD_RUNPATH_SEARCH_PATHS = (
					"$(inherited)",
					"@executable_path/Frameworks",
				);
				MARKETING_VERSION = 1.0;
				PRODUCT_BUNDLE_IDENTIFIER = "jy.-5-1-CameraPhotoLibrary-collage-";
				PRODUCT_NAME = "$(TARGET_NAME)";
				SWIFT_EMIT_LOC_STRINGS = YES;
				SWIFT_VERSION = 5.0;
				TARGETED_DEVICE_FAMILY = "1,2";
			};
			name = Debug;
		};
		E1FEBB422834E000002BFF6A /* Release */ = {
			isa = XCBuildConfiguration;
			buildSettings = {
				ASSETCATALOG_COMPILER_APPICON_NAME = AppIcon;
				ASSETCATALOG_COMPILER_GLOBAL_ACCENT_COLOR_NAME = AccentColor;
				CODE_SIGN_STYLE = Automatic;
				CURRENT_PROJECT_VERSION = 1;
				DEVELOPMENT_TEAM = 5KZ5C4UW39;
				GENERATE_INFOPLIST_FILE = YES;
				INFOPLIST_FILE = "15-1.CameraPhotoLibrary(collage)/Info.plist";
				INFOPLIST_KEY_UIApplicationSupportsIndirectInputEvents = YES;
				INFOPLIST_KEY_UILaunchStoryboardName = LaunchScreen;
				INFOPLIST_KEY_UIMainStoryboardFile = Main;
				INFOPLIST_KEY_UISupportedInterfaceOrientations_iPad = "UIInterfaceOrientationPortrait UIInterfaceOrientationPortraitUpsideDown UIInterfaceOrientationLandscapeLeft UIInterfaceOrientationLandscapeRight";
				INFOPLIST_KEY_UISupportedInterfaceOrientations_iPhone = "UIInterfaceOrientationPortrait UIInterfaceOrientationLandscapeLeft UIInterfaceOrientationLandscapeRight";
				LD_RUNPATH_SEARCH_PATHS = (
					"$(inherited)",
					"@executable_path/Frameworks",
				);
				MARKETING_VERSION = 1.0;
				PRODUCT_BUNDLE_IDENTIFIER = "jy.-5-1-CameraPhotoLibrary-collage-";
				PRODUCT_NAME = "$(TARGET_NAME)";
				SWIFT_EMIT_LOC_STRINGS = YES;
				SWIFT_VERSION = 5.0;
				TARGETED_DEVICE_FAMILY = "1,2";
			};
			name = Release;
		};
/* End XCBuildConfiguration section */

/* Begin XCConfigurationList section */
		E1FEBB272834DFFE002BFF6A /* Build configuration list for PBXProject "15-1.CameraPhotoLibrary(collage)" */ = {
			isa = XCConfigurationList;
			buildConfigurations = (
				E1FEBB3E2834E000002BFF6A /* Debug */,
				E1FEBB3F2834E000002BFF6A /* Release */,
			);
			defaultConfigurationIsVisible = 0;
			defaultConfigurationName = Release;
		};
		E1FEBB402834E000002BFF6A /* Build configuration list for PBXNativeTarget "15-1.CameraPhotoLibrary(collage)" */ = {
			isa = XCConfigurationList;
			buildConfigurations = (
				E1FEBB412834E000002BFF6A /* Debug */,
				E1FEBB422834E000002BFF6A /* Release */,
			);
			defaultConfigurationIsVisible = 0;
			defaultConfigurationName = Release;
		};
/* End XCConfigurationList section */
	};
	rootObject = E1FEBB242834DFFE002BFF6A /* Project object */;
}
